
Microsoft Visual Studio Solution File, Format Version 12.00
# Visual Studio Version 16
VisualStudioVersion = 16.0.29920.165
MinimumVisualStudioVersion = 10.0.40219.1
Project("{FAE04EC0-301F-11D3-BF4B-00C04F79EFBC}") = "TestGitBush", "TestGitBush\TestGitBush.csproj", "{F1EFC932-DFE5-45B1-A890-1F6E85CD332C}"
EndProject
Global
	GlobalSection(SolutionConfigurationPlatforms) = preSolution
		Debug|Any CPU = Debug|Any CPU
		Release|Any CPU = Release|Any CPU
	EndGlobalSection
	GlobalSection(ProjectConfigurationPlatforms) = postSolution
		{F1EFC932-DFE5-45B1-A890-1F6E85CD332C}.Debug|Any CPU.ActiveCfg = Debug|Any CPU
		{F1EFC932-DFE5-45B1-A890-1F6E85CD332C}.Debug|Any CPU.Build.0 = Debug|Any CPU
		{F1EFC932-DFE5-45B1-A890-1F6E85CD332C}.Release|Any CPU.ActiveCfg = Release|Any CPU
		{F1EFC932-DFE5-45B1-A890-1F6E85CD332C}.Release|Any CPU.Build.0 = Release|Any CPU
	EndGlobalSection
	GlobalSection(SolutionProperties) = preSolution
		HideSolutionNode = FALSE
	EndGlobalSection
	GlobalSection(ExtensibilityGlobals) = postSolution
		SolutionGuid = {77B5FD58-3F76-4C3A-AED0-873F8FB34288}
	EndGlobalSection
EndGlobal
